// !$*UTF8*$!
{
	archiveVersion = 1;
	classes = {
	};
	objectVersion = 77;
	objects = {

/* Begin PBXBuildFile section */
		0B07486C2F054B90004BF08E /* ConfigureClubView.swift in Sources */ = {isa = PBXBuildFile; fileRef = 0B07486B2F054B81004BF08E /* ConfigureClubView.swift */; };
		0B07486E2F055930004BF08E /* ImportResult.swift in Sources */ = {isa = PBXBuildFile; fileRef = 0B07486D2F055930004BF08E /* ImportResult.swift */; };
		0B0748702F057F5D004BF08E /* ConfettiView.swift in Sources */ = {isa = PBXBuildFile; fileRef = 0B07486F2F057F5D004BF08E /* ConfettiView.swift */; };
		0B0E5E082E9807BA009240C0 /* AdminView.swift in Sources */ = {isa = PBXBuildFile; fileRef = 0B0E5E072E9807BA009240C0 /* AdminView.swift */; };
		0B2660CE2E7311D4004B2B10 /* ImportInterstitialView.swift in Sources */ = {isa = PBXBuildFile; fileRef = 0B2660CD2E7311CB004B2B10 /* ImportInterstitialView.swift */; };
		0B4FDB892E252DC0009A94F5 /* DocumentPicker.swift in Sources */ = {isa = PBXBuildFile; fileRef = 0B4FDB882E252DBB009A94F5 /* DocumentPicker.swift */; };
		0B4FDB8B2E253961009A94F5 /* TeamNameView.swift in Sources */ = {isa = PBXBuildFile; fileRef = 0B4FDB8A2E253959009A94F5 /* TeamNameView.swift */; };
		0B68E2242E84237A00718B5E /* GoogleMobileAds in Frameworks */ = {isa = PBXBuildFile; productRef = 0B68E2232E84237A00718B5E /* GoogleMobileAds */; };
		0B68E2272E8423AB00718B5E /* InterstitialAdsManager.swift in Sources */ = {isa = PBXBuildFile; fileRef = 0B68E2252E8423AB00718B5E /* InterstitialAdsManager.swift */; };
		0B6E7D292E8DB4BA00422636 /* SettingsView.swift in Sources */ = {isa = PBXBuildFile; fileRef = 0B6E7D282E8DB4B400422636 /* SettingsView.swift */; };
		0B6E7D2B2E8DBF0B00422636 /* ClubListView.swift in Sources */ = {isa = PBXBuildFile; fileRef = 0B6E7D2A2E8DBEFA00422636 /* ClubListView.swift */; };
		0B6E7D5D2E8E56DC00422636 /* ClubNameView.swift in Sources */ = {isa = PBXBuildFile; fileRef = 0B6E7D5C2E8E56D600422636 /* ClubNameView.swift */; };
		0B6E7D5F2E8E6A8700422636 /* ClubFFTTIdView.swift in Sources */ = {isa = PBXBuildFile; fileRef = 0B6E7D5E2E8E6A8700422636 /* ClubFFTTIdView.swift */; };
		0BA646432E1FF34800321354 /* ExportTeamsView.swift in Sources */ = {isa = PBXBuildFile; fileRef = 0BA646422E1FF34800321354 /* ExportTeamsView.swift */; };
		0BC2965B2E9D326B002FA18B /* MailView.swift in Sources */ = {isa = PBXBuildFile; fileRef = 0BC2965A2E9D3266002FA18B /* MailView.swift */; };
		0BC8BE1E2E3A38E400ABA07F /* GoogleService-Info.plist in Resources */ = {isa = PBXBuildFile; fileRef = 0BC8BE1D2E3A38E400ABA07F /* GoogleService-Info.plist */; };
		0BC8BE262E3A3CD600ABA07F /* FirestoreManager.swift in Sources */ = {isa = PBXBuildFile; fileRef = 0BC8BE242E3A3CD600ABA07F /* FirestoreManager.swift */; };
		0BC8BE282E3A3D4700ABA07F /* User.swift in Sources */ = {isa = PBXBuildFile; fileRef = 0BC8BE272E3A3D4400ABA07F /* User.swift */; };
		0BC8BE2B2E3A40C900ABA07F /* FirebaseAnalytics in Frameworks */ = {isa = PBXBuildFile; productRef = 0BC8BE2A2E3A40C900ABA07F /* FirebaseAnalytics */; };
		0BC8BE2D2E3A40C900ABA07F /* FirebaseAnalyticsCore in Frameworks */ = {isa = PBXBuildFile; productRef = 0BC8BE2C2E3A40C900ABA07F /* FirebaseAnalyticsCore */; };
		0BC8BE2F2E3A40C900ABA07F /* FirebaseCore in Frameworks */ = {isa = PBXBuildFile; productRef = 0BC8BE2E2E3A40C900ABA07F /* FirebaseCore */; };
		0BC8BE312E3A40C900ABA07F /* FirebaseCrashlytics in Frameworks */ = {isa = PBXBuildFile; productRef = 0BC8BE302E3A40C900ABA07F /* FirebaseCrashlytics */; };
		0BC8BE332E3A40C900ABA07F /* FirebaseFirestore in Frameworks */ = {isa = PBXBuildFile; productRef = 0BC8BE322E3A40C900ABA07F /* FirebaseFirestore */; };
		0BC8BE352E3A413000ABA07F /* Helper.swift in Sources */ = {isa = PBXBuildFile; fileRef = 0BC8BE342E3A413000ABA07F /* Helper.swift */; };
		0BC8BE382E3A424200ABA07F /* EntitlementManager.swift in Sources */ = {isa = PBXBuildFile; fileRef = 0BC8BE372E3A424200ABA07F /* EntitlementManager.swift */; };
		0BD11EDA2E97C15400FE4495 /* ClubIdInterstitialView.swift in Sources */ = {isa = PBXBuildFile; fileRef = 0BD11ED92E97C15400FE4495 /* ClubIdInterstitialView.swift */; };
		0BDA65D82E8BFA1F00B14CEA /* SwiftSoup in Frameworks */ = {isa = PBXBuildFile; productRef = 0BDA65D72E8BFA1F00B14CEA /* SwiftSoup */; };
		0BDA65DA2E8C1A9300B14CEA /* WebViewViewController.swift in Sources */ = {isa = PBXBuildFile; fileRef = 0BDA65D92E8C1A7B00B14CEA /* WebViewViewController.swift */; };
		0BE3CFE82E61A133002A286A /* AnimatedStepper.swift in Sources */ = {isa = PBXBuildFile; fileRef = 0BE3CFE72E61A133002A286A /* AnimatedStepper.swift */; };
		0BECA4422E1EBC350000F789 /* SelectPlayerView.swift in Sources */ = {isa = PBXBuildFile; fileRef = 0BECA4412E1EBC350000F789 /* SelectPlayerView.swift */; };
		0BFA00082E1E4BA400F10BEA /* Assets.xcassets in Resources */ = {isa = PBXBuildFile; fileRef = 0BFAFFFE2E1E4BA400F10BEA /* Assets.xcassets */; };
		0BFA00092E1E4BA400F10BEA /* CameraButtonStyle.swift in Sources */ = {isa = PBXBuildFile; fileRef = 0BFAFFEE2E1E4BA400F10BEA /* CameraButtonStyle.swift */; };
		0BFA000A2E1E4BA400F10BEA /* PrimaryButtonStyle.swift in Sources */ = {isa = PBXBuildFile; fileRef = 0BFAFFEF2E1E4BA400F10BEA /* PrimaryButtonStyle.swift */; };
		0BFA000B2E1E4BA400F10BEA /* Chip.swift in Sources */ = {isa = PBXBuildFile; fileRef = 0BFAFFF12E1E4BA400F10BEA /* Chip.swift */; };
		0BFA000C2E1E4BA400F10BEA /* ChipModel.swift in Sources */ = {isa = PBXBuildFile; fileRef = 0BFAFFF22E1E4BA400F10BEA /* ChipModel.swift */; };
		0BFA000D2E1E4BA400F10BEA /* AutoCompleteSheet.swift in Sources */ = {isa = PBXBuildFile; fileRef = 0BFAFFF42E1E4BA400F10BEA /* AutoCompleteSheet.swift */; };
		0BFA000E2E1E4BA400F10BEA /* FloatingTextField.swift in Sources */ = {isa = PBXBuildFile; fileRef = 0BFAFFF52E1E4BA400F10BEA /* FloatingTextField.swift */; };
		0BFA000F2E1E4BA400F10BEA /* HeightCalculator.swift in Sources */ = {isa = PBXBuildFile; fileRef = 0BFAFFF62E1E4BA400F10BEA /* HeightCalculator.swift */; };
		0BFA00102E1E4BA400F10BEA /* KeyboardAvoiding.swift in Sources */ = {isa = PBXBuildFile; fileRef = 0BFAFFF72E1E4BA400F10BEA /* KeyboardAvoiding.swift */; };
		0BFA00112E1E4BA400F10BEA /* View+extensions.swift in Sources */ = {isa = PBXBuildFile; fileRef = 0BFAFFF82E1E4BA400F10BEA /* View+extensions.swift */; };
		0BFA00122E1E4BA400F10BEA /* WrappedHStack.swift in Sources */ = {isa = PBXBuildFile; fileRef = 0BFAFFF92E1E4BA400F10BEA /* WrappedHStack.swift */; };
		0BFA00132E1E4BA400F10BEA /* Player.swift in Sources */ = {isa = PBXBuildFile; fileRef = 0BFAFFFB2E1E4BA400F10BEA /* Player.swift */; };
		0BFA00142E1E4BA400F10BEA /* Team.swift in Sources */ = {isa = PBXBuildFile; fileRef = 0BFAFFFC2E1E4BA400F10BEA /* Team.swift */; };
		0BFA00152E1E4BA400F10BEA /* Constants.swift in Sources */ = {isa = PBXBuildFile; fileRef = 0BFAFFFF2E1E4BA400F10BEA /* Constants.swift */; };
		0BFA00162E1E4BA400F10BEA /* ManagePlayerView.swift in Sources */ = {isa = PBXBuildFile; fileRef = 0BFA00002E1E4BA400F10BEA /* ManagePlayerView.swift */; };
		0BFA00182E1E4BA400F10BEA /* PlayersView.swift in Sources */ = {isa = PBXBuildFile; fileRef = 0BFA00022E1E4BA400F10BEA /* PlayersView.swift */; };
		0BFA00192E1E4BA400F10BEA /* ShareSheet.swift in Sources */ = {isa = PBXBuildFile; fileRef = 0BFA00032E1E4BA400F10BEA /* ShareSheet.swift */; };
		0BFA001A2E1E4BA400F10BEA /* TeamSnapshotView.swift in Sources */ = {isa = PBXBuildFile; fileRef = 0BFA00042E1E4BA400F10BEA /* TeamSnapshotView.swift */; };
		0BFA001B2E1E4BA400F10BEA /* WaterfallTTApp.swift in Sources */ = {isa = PBXBuildFile; fileRef = 0BFA00052E1E4BA400F10BEA /* WaterfallTTApp.swift */; };
		0BFA001C2E1E4BA400F10BEA /* WaterfallView.swift in Sources */ = {isa = PBXBuildFile; fileRef = 0BFA00062E1E4BA400F10BEA /* WaterfallView.swift */; };
		0BFA001E2E1E4BC600F10BEA /* InitTabView.swift in Sources */ = {isa = PBXBuildFile; fileRef = 0BFA001D2E1E4BC600F10BEA /* InitTabView.swift */; };
		0BFA00202E1E4C2400F10BEA /* DataManager.swift in Sources */ = {isa = PBXBuildFile; fileRef = 0BFA001F2E1E4C2400F10BEA /* DataManager.swift */; };
		0BFA00262E1E509700F10BEA /* LoaderView.swift in Sources */ = {isa = PBXBuildFile; fileRef = 0BFA00232E1E509700F10BEA /* LoaderView.swift */; };
		0BFA00272E1E509700F10BEA /* LoaderViewModifier.swift in Sources */ = {isa = PBXBuildFile; fileRef = 0BFA00242E1E509700F10BEA /* LoaderViewModifier.swift */; };
		0BFA00292E1E563B00F10BEA /* AvailabilityView.swift in Sources */ = {isa = PBXBuildFile; fileRef = 0BFA00282E1E563B00F10BEA /* AvailabilityView.swift */; };
/* End PBXBuildFile section */

/* Begin PBXFileReference section */
		0B07486B2F054B81004BF08E /* ConfigureClubView.swift */ = {isa = PBXFileReference; lastKnownFileType = sourcecode.swift; path = ConfigureClubView.swift; sourceTree = "<group>"; };
		0B07486D2F055930004BF08E /* ImportResult.swift */ = {isa = PBXFileReference; lastKnownFileType = sourcecode.swift; path = ImportResult.swift; sourceTree = "<group>"; };
		0B07486F2F057F5D004BF08E /* ConfettiView.swift */ = {isa = PBXFileReference; lastKnownFileType = sourcecode.swift; path = ConfettiView.swift; sourceTree = "<group>"; };
		0B0E5E072E9807BA009240C0 /* AdminView.swift */ = {isa = PBXFileReference; lastKnownFileType = sourcecode.swift; path = AdminView.swift; sourceTree = "<group>"; };
		0B12F33B2E0D3B1D005AED4F /* WaterfallTT.app */ = {isa = PBXFileReference; explicitFileType = wrapper.application; includeInIndex = 0; path = WaterfallTT.app; sourceTree = BUILT_PRODUCTS_DIR; };
		0B2660CD2E7311CB004B2B10 /* ImportInterstitialView.swift */ = {isa = PBXFileReference; lastKnownFileType = sourcecode.swift; path = ImportInterstitialView.swift; sourceTree = "<group>"; };
		0B4FDB872E252D0C009A94F5 /* Info.plist */ = {isa = PBXFileReference; lastKnownFileType = text.plist.xml; name = Info.plist; path = WaterfallTT/Info.plist; sourceTree = SOURCE_ROOT; };
		0B4FDB882E252DBB009A94F5 /* DocumentPicker.swift */ = {isa = PBXFileReference; lastKnownFileType = sourcecode.swift; path = DocumentPicker.swift; sourceTree = "<group>"; };
		0B4FDB8A2E253959009A94F5 /* TeamNameView.swift */ = {isa = PBXFileReference; lastKnownFileType = sourcecode.swift; path = TeamNameView.swift; sourceTree = "<group>"; };
		0B68E2252E8423AB00718B5E /* InterstitialAdsManager.swift */ = {isa = PBXFileReference; lastKnownFileType = sourcecode.swift; path = InterstitialAdsManager.swift; sourceTree = "<group>"; };
		0B6E7D282E8DB4B400422636 /* SettingsView.swift */ = {isa = PBXFileReference; lastKnownFileType = sourcecode.swift; path = SettingsView.swift; sourceTree = "<group>"; };
		0B6E7D2A2E8DBEFA00422636 /* ClubListView.swift */ = {isa = PBXFileReference; lastKnownFileType = sourcecode.swift; path = ClubListView.swift; sourceTree = "<group>"; };
		0B6E7D5C2E8E56D600422636 /* ClubNameView.swift */ = {isa = PBXFileReference; lastKnownFileType = sourcecode.swift; path = ClubNameView.swift; sourceTree = "<group>"; };
		0B6E7D5E2E8E6A8700422636 /* ClubFFTTIdView.swift */ = {isa = PBXFileReference; lastKnownFileType = sourcecode.swift; path = ClubFFTTIdView.swift; sourceTree = "<group>"; };
		0BA646422E1FF34800321354 /* ExportTeamsView.swift */ = {isa = PBXFileReference; lastKnownFileType = sourcecode.swift; path = ExportTeamsView.swift; sourceTree = "<group>"; };
		0BC2965A2E9D3266002FA18B /* MailView.swift */ = {isa = PBXFileReference; lastKnownFileType = sourcecode.swift; path = MailView.swift; sourceTree = "<group>"; };
		0BC8BE1D2E3A38E400ABA07F /* GoogleService-Info.plist */ = {isa = PBXFileReference; lastKnownFileType = text.plist.xml; path = "GoogleService-Info.plist"; sourceTree = "<group>"; };
		0BC8BE242E3A3CD600ABA07F /* FirestoreManager.swift */ = {isa = PBXFileReference; lastKnownFileType = sourcecode.swift; path = FirestoreManager.swift; sourceTree = "<group>"; };
		0BC8BE272E3A3D4400ABA07F /* User.swift */ = {isa = PBXFileReference; lastKnownFileType = sourcecode.swift; path = User.swift; sourceTree = "<group>"; };
		0BC8BE342E3A413000ABA07F /* Helper.swift */ = {isa = PBXFileReference; lastKnownFileType = sourcecode.swift; path = Helper.swift; sourceTree = "<group>"; };
		0BC8BE362E3A417500ABA07F /* WaterfallTT.entitlements */ = {isa = PBXFileReference; lastKnownFileType = text.plist.entitlements; name = WaterfallTT.entitlements; path = WaterfallTT/WaterfallTT.entitlements; sourceTree = SOURCE_ROOT; };
		0BC8BE372E3A424200ABA07F /* EntitlementManager.swift */ = {isa = PBXFileReference; lastKnownFileType = sourcecode.swift; name = EntitlementManager.swift; path = ../Model/EntitlementManager.swift; sourceTree = "<group>"; };
		0BD11ED92E97C15400FE4495 /* ClubIdInterstitialView.swift */ = {isa = PBXFileReference; lastKnownFileType = sourcecode.swift; path = ClubIdInterstitialView.swift; sourceTree = "<group>"; };
		0BDA65D92E8C1A7B00B14CEA /* WebViewViewController.swift */ = {isa = PBXFileReference; lastKnownFileType = sourcecode.swift; path = WebViewViewController.swift; sourceTree = "<group>"; };
		0BE3CFE72E61A133002A286A /* AnimatedStepper.swift */ = {isa = PBXFileReference; lastKnownFileType = sourcecode.swift; path = AnimatedStepper.swift; sourceTree = "<group>"; };
		0BECA4412E1EBC350000F789 /* SelectPlayerView.swift */ = {isa = PBXFileReference; lastKnownFileType = sourcecode.swift; path = SelectPlayerView.swift; sourceTree = "<group>"; };
		0BFA00002E1E4BA400F10BEA /* ManagePlayerView.swift */ = {isa = PBXFileReference; lastKnownFileType = sourcecode.swift; path = ManagePlayerView.swift; sourceTree = "<group>"; };
		0BFA00022E1E4BA400F10BEA /* PlayersView.swift */ = {isa = PBXFileReference; lastKnownFileType = sourcecode.swift; path = PlayersView.swift; sourceTree = "<group>"; };
		0BFA00032E1E4BA400F10BEA /* ShareSheet.swift */ = {isa = PBXFileReference; lastKnownFileType = sourcecode.swift; path = ShareSheet.swift; sourceTree = "<group>"; };
		0BFA00042E1E4BA400F10BEA /* TeamSnapshotView.swift */ = {isa = PBXFileReference; lastKnownFileType = sourcecode.swift; path = TeamSnapshotView.swift; sourceTree = "<group>"; };
		0BFA00052E1E4BA400F10BEA /* WaterfallTTApp.swift */ = {isa = PBXFileReference; lastKnownFileType = sourcecode.swift; path = WaterfallTTApp.swift; sourceTree = "<group>"; };
		0BFA00062E1E4BA400F10BEA /* WaterfallView.swift */ = {isa = PBXFileReference; lastKnownFileType = sourcecode.swift; path = WaterfallView.swift; sourceTree = "<group>"; };
		0BFA001D2E1E4BC600F10BEA /* InitTabView.swift */ = {isa = PBXFileReference; lastKnownFileType = sourcecode.swift; path = InitTabView.swift; sourceTree = "<group>"; };
		0BFA001F2E1E4C2400F10BEA /* DataManager.swift */ = {isa = PBXFileReference; lastKnownFileType = sourcecode.swift; name = DataManager.swift; path = ../Model/DataManager.swift; sourceTree = "<group>"; };
		0BFA00232E1E509700F10BEA /* LoaderView.swift */ = {isa = PBXFileReference; lastKnownFileType = sourcecode.swift; path = LoaderView.swift; sourceTree = "<group>"; };
		0BFA00242E1E509700F10BEA /* LoaderViewModifier.swift */ = {isa = PBXFileReference; lastKnownFileType = sourcecode.swift; path = LoaderViewModifier.swift; sourceTree = "<group>"; };
		0BFA00282E1E563B00F10BEA /* AvailabilityView.swift */ = {isa = PBXFileReference; lastKnownFileType = sourcecode.swift; path = AvailabilityView.swift; sourceTree = "<group>"; };
		0BFAFFEE2E1E4BA400F10BEA /* CameraButtonStyle.swift */ = {isa = PBXFileReference; lastKnownFileType = sourcecode.swift; path = CameraButtonStyle.swift; sourceTree = "<group>"; };
		0BFAFFEF2E1E4BA400F10BEA /* PrimaryButtonStyle.swift */ = {isa = PBXFileReference; lastKnownFileType = sourcecode.swift; path = PrimaryButtonStyle.swift; sourceTree = "<group>"; };
		0BFAFFF12E1E4BA400F10BEA /* Chip.swift */ = {isa = PBXFileReference; lastKnownFileType = sourcecode.swift; path = Chip.swift; sourceTree = "<group>"; };
		0BFAFFF22E1E4BA400F10BEA /* ChipModel.swift */ = {isa = PBXFileReference; lastKnownFileType = sourcecode.swift; path = ChipModel.swift; sourceTree = "<group>"; };
		0BFAFFF42E1E4BA400F10BEA /* AutoCompleteSheet.swift */ = {isa = PBXFileReference; lastKnownFileType = sourcecode.swift; path = AutoCompleteSheet.swift; sourceTree = "<group>"; };
		0BFAFFF52E1E4BA400F10BEA /* FloatingTextField.swift */ = {isa = PBXFileReference; lastKnownFileType = sourcecode.swift; path = FloatingTextField.swift; sourceTree = "<group>"; };
		0BFAFFF62E1E4BA400F10BEA /* HeightCalculator.swift */ = {isa = PBXFileReference; lastKnownFileType = sourcecode.swift; path = HeightCalculator.swift; sourceTree = "<group>"; };
		0BFAFFF72E1E4BA400F10BEA /* KeyboardAvoiding.swift */ = {isa = PBXFileReference; lastKnownFileType = sourcecode.swift; path = KeyboardAvoiding.swift; sourceTree = "<group>"; };
		0BFAFFF82E1E4BA400F10BEA /* View+extensions.swift */ = {isa = PBXFileReference; lastKnownFileType = sourcecode.swift; path = "View+extensions.swift"; sourceTree = "<group>"; };
		0BFAFFF92E1E4BA400F10BEA /* WrappedHStack.swift */ = {isa = PBXFileReference; lastKnownFileType = sourcecode.swift; path = WrappedHStack.swift; sourceTree = "<group>"; };
		0BFAFFFB2E1E4BA400F10BEA /* Player.swift */ = {isa = PBXFileReference; lastKnownFileType = sourcecode.swift; path = Player.swift; sourceTree = "<group>"; };
		0BFAFFFC2E1E4BA400F10BEA /* Team.swift */ = {isa = PBXFileReference; lastKnownFileType = sourcecode.swift; path = Team.swift; sourceTree = "<group>"; };
		0BFAFFFE2E1E4BA400F10BEA /* Assets.xcassets */ = {isa = PBXFileReference; lastKnownFileType = folder.assetcatalog; path = Assets.xcassets; sourceTree = "<group>"; };
		0BFAFFFF2E1E4BA400F10BEA /* Constants.swift */ = {isa = PBXFileReference; lastKnownFileType = sourcecode.swift; path = Constants.swift; sourceTree = "<group>"; };
/* End PBXFileReference section */

/* Begin PBXFrameworksBuildPhase section */
		0B12F3382E0D3B1D005AED4F /* Frameworks */ = {
			isa = PBXFrameworksBuildPhase;
			buildActionMask = 2147483647;
			files = (
				0B68E2242E84237A00718B5E /* GoogleMobileAds in Frameworks */,
				0BC8BE2B2E3A40C900ABA07F /* FirebaseAnalytics in Frameworks */,
				0BC8BE312E3A40C900ABA07F /* FirebaseCrashlytics in Frameworks */,
				0BC8BE2F2E3A40C900ABA07F /* FirebaseCore in Frameworks */,
				0BC8BE332E3A40C900ABA07F /* FirebaseFirestore in Frameworks */,
				0BC8BE2D2E3A40C900ABA07F /* FirebaseAnalyticsCore in Frameworks */,
				0BDA65D82E8BFA1F00B14CEA /* SwiftSoup in Frameworks */,
			);
			runOnlyForDeploymentPostprocessing = 0;
		};
/* End PBXFrameworksBuildPhase section */

/* Begin PBXGroup section */
		0B12F3322E0D3B1D005AED4F = {
			isa = PBXGroup;
			children = (
				0BFA00072E1E4BA400F10BEA /* WaterfallTT */,
				0B12F33C2E0D3B1D005AED4F /* Products */,
			);
			sourceTree = "<group>";
		};
		0B12F33C2E0D3B1D005AED4F /* Products */ = {
			isa = PBXGroup;
			children = (
				0B12F33B2E0D3B1D005AED4F /* WaterfallTT.app */,
			);
			name = Products;
			sourceTree = "<group>";
		};
		0B68E2262E8423AB00718B5E /* Ads */ = {
			isa = PBXGroup;
			children = (
				0B68E2252E8423AB00718B5E /* InterstitialAdsManager.swift */,
			);
			path = Ads;
			sourceTree = "<group>";
		};
		0BC8BE252E3A3CD600ABA07F /* Database */ = {
			isa = PBXGroup;
			children = (
				0BC8BE372E3A424200ABA07F /* EntitlementManager.swift */,
				0BFA001F2E1E4C2400F10BEA /* DataManager.swift */,
				0BC8BE242E3A3CD600ABA07F /* FirestoreManager.swift */,
			);
			path = Database;
			sourceTree = "<group>";
		};
		0BFA00072E1E4BA400F10BEA /* WaterfallTT */ = {
			isa = PBXGroup;
			children = (
				0BFA00052E1E4BA400F10BEA /* WaterfallTTApp.swift */,
				0BFA001D2E1E4BC600F10BEA /* InitTabView.swift */,
				0BFA00062E1E4BA400F10BEA /* WaterfallView.swift */,
				0BFA00282E1E563B00F10BEA /* AvailabilityView.swift */,
				0BFA00022E1E4BA400F10BEA /* PlayersView.swift */,
				0B6E7D282E8DB4B400422636 /* SettingsView.swift */,
				0B0E5E072E9807BA009240C0 /* AdminView.swift */,
				0B07486B2F054B81004BF08E /* ConfigureClubView.swift */,
				0BFA00002E1E4BA400F10BEA /* ManagePlayerView.swift */,
				0BFA00032E1E4BA400F10BEA /* ShareSheet.swift */,
				0BECA4412E1EBC350000F789 /* SelectPlayerView.swift */,
				0BFA00042E1E4BA400F10BEA /* TeamSnapshotView.swift */,
				0BA646422E1FF34800321354 /* ExportTeamsView.swift */,
				0B4FDB882E252DBB009A94F5 /* DocumentPicker.swift */,
				0B4FDB8A2E253959009A94F5 /* TeamNameView.swift */,
				0B2660CD2E7311CB004B2B10 /* ImportInterstitialView.swift */,
				0BD11ED92E97C15400FE4495 /* ClubIdInterstitialView.swift */,
				0B6E7D5C2E8E56D600422636 /* ClubNameView.swift */,
				0B6E7D5E2E8E6A8700422636 /* ClubFFTTIdView.swift */,
				0B6E7D2A2E8DBEFA00422636 /* ClubListView.swift */,
				0BDA65D92E8C1A7B00B14CEA /* WebViewViewController.swift */,
				0BC2965A2E9D3266002FA18B /* MailView.swift */,
				0B68E2262E8423AB00718B5E /* Ads */,
				0BFAFFFA2E1E4BA400F10BEA /* Components */,
				0BC8BE252E3A3CD600ABA07F /* Database */,
				0BFAFFFD2E1E4BA400F10BEA /* Model */,
				0BFAFFFF2E1E4BA400F10BEA /* Constants.swift */,
				0BC8BE342E3A413000ABA07F /* Helper.swift */,
				0BC8BE362E3A417500ABA07F /* WaterfallTT.entitlements */,
				0B4FDB872E252D0C009A94F5 /* Info.plist */,
				0BC8BE1D2E3A38E400ABA07F /* GoogleService-Info.plist */,
				0BFAFFFE2E1E4BA400F10BEA /* Assets.xcassets */,
			);
			name = WaterfallTT;
			path = ../../../itecanb/dev/WaterfallTT/WaterfallTT;
			sourceTree = "<group>";
		};
		0BFA00252E1E509700F10BEA /* Loader */ = {
			isa = PBXGroup;
			children = (
				0BFA00232E1E509700F10BEA /* LoaderView.swift */,
				0BFA00242E1E509700F10BEA /* LoaderViewModifier.swift */,
			);
			path = Loader;
			sourceTree = "<group>";
		};
		0BFAFFF02E1E4BA400F10BEA /* ButtonStyle */ = {
			isa = PBXGroup;
			children = (
				0BFAFFEE2E1E4BA400F10BEA /* CameraButtonStyle.swift */,
				0BFAFFEF2E1E4BA400F10BEA /* PrimaryButtonStyle.swift */,
			);
			path = ButtonStyle;
			sourceTree = "<group>";
		};
		0BFAFFF32E1E4BA400F10BEA /* Chip */ = {
			isa = PBXGroup;
			children = (
				0BFAFFF12E1E4BA400F10BEA /* Chip.swift */,
				0BFAFFF22E1E4BA400F10BEA /* ChipModel.swift */,
			);
			path = Chip;
			sourceTree = "<group>";
		};
		0BFAFFFA2E1E4BA400F10BEA /* Components */ = {
			isa = PBXGroup;
			children = (
				0B07486F2F057F5D004BF08E /* ConfettiView.swift */,
				0BE3CFE72E61A133002A286A /* AnimatedStepper.swift */,
				0BFAFFF42E1E4BA400F10BEA /* AutoCompleteSheet.swift */,
				0BFAFFF02E1E4BA400F10BEA /* ButtonStyle */,
				0BFAFFF32E1E4BA400F10BEA /* Chip */,
				0BFAFFF52E1E4BA400F10BEA /* FloatingTextField.swift */,
				0BFAFFF62E1E4BA400F10BEA /* HeightCalculator.swift */,
				0BFAFFF72E1E4BA400F10BEA /* KeyboardAvoiding.swift */,
				0BFA00252E1E509700F10BEA /* Loader */,
				0BFAFFF82E1E4BA400F10BEA /* View+extensions.swift */,
				0BFAFFF92E1E4BA400F10BEA /* WrappedHStack.swift */,
			);
			path = Components;
			sourceTree = "<group>";
		};
		0BFAFFFD2E1E4BA400F10BEA /* Model */ = {
			isa = PBXGroup;
			children = (
				0B07486D2F055930004BF08E /* ImportResult.swift */,
				0BC8BE272E3A3D4400ABA07F /* User.swift */,
				0BFAFFFC2E1E4BA400F10BEA /* Team.swift */,
				0BFAFFFB2E1E4BA400F10BEA /* Player.swift */,
			);
			path = Model;
			sourceTree = "<group>";
		};
/* End PBXGroup section */

/* Begin PBXNativeTarget section */
		0B12F33A2E0D3B1D005AED4F /* WaterfallTT */ = {
			isa = PBXNativeTarget;
			buildConfigurationList = 0B12F3462E0D3B1F005AED4F /* Build configuration list for PBXNativeTarget "WaterfallTT" */;
			buildPhases = (
				0B12F3372E0D3B1D005AED4F /* Sources */,
				0B12F3382E0D3B1D005AED4F /* Frameworks */,
				0B12F3392E0D3B1D005AED4F /* Resources */,
			);
			buildRules = (
			);
			dependencies = (
			);
			name = WaterfallTT;
			packageProductDependencies = (
				0BC8BE2A2E3A40C900ABA07F /* FirebaseAnalytics */,
				0BC8BE2C2E3A40C900ABA07F /* FirebaseAnalyticsCore */,
				0BC8BE2E2E3A40C900ABA07F /* FirebaseCore */,
				0BC8BE302E3A40C900ABA07F /* FirebaseCrashlytics */,
				0BC8BE322E3A40C900ABA07F /* FirebaseFirestore */,
				0B68E2232E84237A00718B5E /* GoogleMobileAds */,
				0BDA65D72E8BFA1F00B14CEA /* SwiftSoup */,
			);
			productName = WaterfallTT;
			productReference = 0B12F33B2E0D3B1D005AED4F /* WaterfallTT.app */;
			productType = "com.apple.product-type.application";
		};
/* End PBXNativeTarget section */

/* Begin PBXProject section */
		0B12F3332E0D3B1D005AED4F /* Project object */ = {
			isa = PBXProject;
			attributes = {
				BuildIndependentTargetsInParallel = 1;
				LastSwiftUpdateCheck = 1630;
				LastUpgradeCheck = 1630;
				TargetAttributes = {
					0B12F33A2E0D3B1D005AED4F = {
						CreatedOnToolsVersion = 16.3;
					};
				};
			};
			buildConfigurationList = 0B12F3362E0D3B1D005AED4F /* Build configuration list for PBXProject "WaterfallTT" */;
			developmentRegion = en;
			hasScannedForEncodings = 0;
			knownRegions = (
				en,
				Base,
			);
			mainGroup = 0B12F3322E0D3B1D005AED4F;
			minimizedProjectReferenceProxies = 1;
			packageReferences = (
				0BC8BE292E3A40C900ABA07F /* XCRemoteSwiftPackageReference "firebase-ios-sdk" */,
				0B68E2222E84237A00718B5E /* XCRemoteSwiftPackageReference "swift-package-manager-google-mobile-ads" */,
				0BDA65D62E8BFA1F00B14CEA /* XCRemoteSwiftPackageReference "SwiftSoup" */,
			);
			preferredProjectObjectVersion = 77;
			productRefGroup = 0B12F33C2E0D3B1D005AED4F /* Products */;
			projectDirPath = "";
			projectRoot = "";
			targets = (
				0B12F33A2E0D3B1D005AED4F /* WaterfallTT */,
			);
		};
/* End PBXProject section */

/* Begin PBXResourcesBuildPhase section */
		0B12F3392E0D3B1D005AED4F /* Resources */ = {
			isa = PBXResourcesBuildPhase;
			buildActionMask = 2147483647;
			files = (
				0BFA00082E1E4BA400F10BEA /* Assets.xcassets in Resources */,
				0BC8BE1E2E3A38E400ABA07F /* GoogleService-Info.plist in Resources */,
			);
			runOnlyForDeploymentPostprocessing = 0;
		};
/* End PBXResourcesBuildPhase section */

/* Begin PBXSourcesBuildPhase section */
		0B12F3372E0D3B1D005AED4F /* Sources */ = {
			isa = PBXSourcesBuildPhase;
			buildActionMask = 2147483647;
			files = (
				0BFA001E2E1E4BC600F10BEA /* InitTabView.swift in Sources */,
				0BC8BE262E3A3CD600ABA07F /* FirestoreManager.swift in Sources */,
				0BFA00092E1E4BA400F10BEA /* CameraButtonStyle.swift in Sources */,
				0BFA000A2E1E4BA400F10BEA /* PrimaryButtonStyle.swift in Sources */,
				0B2660CE2E7311D4004B2B10 /* ImportInterstitialView.swift in Sources */,
				0BE3CFE82E61A133002A286A /* AnimatedStepper.swift in Sources */,
				0B6E7D292E8DB4BA00422636 /* SettingsView.swift in Sources */,
				0BC8BE282E3A3D4700ABA07F /* User.swift in Sources */,
				0B07486E2F055930004BF08E /* ImportResult.swift in Sources */,
				0B0E5E082E9807BA009240C0 /* AdminView.swift in Sources */,
				0BFA000B2E1E4BA400F10BEA /* Chip.swift in Sources */,
				0B6E7D5D2E8E56DC00422636 /* ClubNameView.swift in Sources */,
				0B0748702F057F5D004BF08E /* ConfettiView.swift in Sources */,
				0BFA000C2E1E4BA400F10BEA /* ChipModel.swift in Sources */,
				0B6E7D5F2E8E6A8700422636 /* ClubFFTTIdView.swift in Sources */,
				0B68E2272E8423AB00718B5E /* InterstitialAdsManager.swift in Sources */,
				0BC8BE352E3A413000ABA07F /* Helper.swift in Sources */,
				0BFA000D2E1E4BA400F10BEA /* AutoCompleteSheet.swift in Sources */,
				0BFA000E2E1E4BA400F10BEA /* FloatingTextField.swift in Sources */,
				0BFA000F2E1E4BA400F10BEA /* HeightCalculator.swift in Sources */,
				0BFA00102E1E4BA400F10BEA /* KeyboardAvoiding.swift in Sources */,
				0BFA00112E1E4BA400F10BEA /* View+extensions.swift in Sources */,
				0BC2965B2E9D326B002FA18B /* MailView.swift in Sources */,
				0BFA00122E1E4BA400F10BEA /* WrappedHStack.swift in Sources */,
				0BFA00132E1E4BA400F10BEA /* Player.swift in Sources */,
				0B4FDB892E252DC0009A94F5 /* DocumentPicker.swift in Sources */,
				0B6E7D2B2E8DBF0B00422636 /* ClubListView.swift in Sources */,
				0BDA65DA2E8C1A9300B14CEA /* WebViewViewController.swift in Sources */,
				0BFA00142E1E4BA400F10BEA /* Team.swift in Sources */,
				0BFA00152E1E4BA400F10BEA /* Constants.swift in Sources */,
				0BFA00162E1E4BA400F10BEA /* ManagePlayerView.swift in Sources */,
				0BECA4422E1EBC350000F789 /* SelectPlayerView.swift in Sources */,
				0BFA00182E1E4BA400F10BEA /* PlayersView.swift in Sources */,
				0BD11EDA2E97C15400FE4495 /* ClubIdInterstitialView.swift in Sources */,
				0BFA00262E1E509700F10BEA /* LoaderView.swift in Sources */,
				0BFA00272E1E509700F10BEA /* LoaderViewModifier.swift in Sources */,
				0BFA00192E1E4BA400F10BEA /* ShareSheet.swift in Sources */,
				0BC8BE382E3A424200ABA07F /* EntitlementManager.swift in Sources */,
				0BFA00292E1E563B00F10BEA /* AvailabilityView.swift in Sources */,
				0B07486C2F054B90004BF08E /* ConfigureClubView.swift in Sources */,
				0B4FDB8B2E253961009A94F5 /* TeamNameView.swift in Sources */,
				0BFA001A2E1E4BA400F10BEA /* TeamSnapshotView.swift in Sources */,
				0BFA00202E1E4C2400F10BEA /* DataManager.swift in Sources */,
				0BFA001B2E1E4BA400F10BEA /* WaterfallTTApp.swift in Sources */,
				0BFA001C2E1E4BA400F10BEA /* WaterfallView.swift in Sources */,
				0BA646432E1FF34800321354 /* ExportTeamsView.swift in Sources */,
			);
			runOnlyForDeploymentPostprocessing = 0;
		};
/* End PBXSourcesBuildPhase section */

/* Begin XCBuildConfiguration section */
		0B12F3442E0D3B1F005AED4F /* Debug */ = {
			isa = XCBuildConfiguration;
			buildSettings = {
				ALWAYS_SEARCH_USER_PATHS = NO;
				ASSETCATALOG_COMPILER_GENERATE_SWIFT_ASSET_SYMBOL_EXTENSIONS = YES;
				CLANG_ANALYZER_NONNULL = YES;
				CLANG_ANALYZER_NUMBER_OBJECT_CONVERSION = YES_AGGRESSIVE;
				CLANG_CXX_LANGUAGE_STANDARD = "gnu++20";
				CLANG_ENABLE_MODULES = YES;
				CLANG_ENABLE_OBJC_ARC = YES;
				CLANG_ENABLE_OBJC_WEAK = YES;
				CLANG_WARN_BLOCK_CAPTURE_AUTORELEASING = YES;
				CLANG_WARN_BOOL_CONVERSION = YES;
				CLANG_WARN_COMMA = YES;
				CLANG_WARN_CONSTANT_CONVERSION = YES;
				CLANG_WARN_DEPRECATED_OBJC_IMPLEMENTATIONS = YES;
				CLANG_WARN_DIRECT_OBJC_ISA_USAGE = YES_ERROR;
				CLANG_WARN_DOCUMENTATION_COMMENTS = YES;
				CLANG_WARN_EMPTY_BODY = YES;
				CLANG_WARN_ENUM_CONVERSION = YES;
				CLANG_WARN_INFINITE_RECURSION = YES;
				CLANG_WARN_INT_CONVERSION = YES;
				CLANG_WARN_NON_LITERAL_NULL_CONVERSION = YES;
				CLANG_WARN_OBJC_IMPLICIT_RETAIN_SELF = YES;
				CLANG_WARN_OBJC_LITERAL_CONVERSION = YES;
				CLANG_WARN_OBJC_ROOT_CLASS = YES_ERROR;
				CLANG_WARN_QUOTED_INCLUDE_IN_FRAMEWORK_HEADER = YES;
				CLANG_WARN_RANGE_LOOP_ANALYSIS = YES;
				CLANG_WARN_STRICT_PROTOTYPES = YES;
				CLANG_WARN_SUSPICIOUS_MOVE = YES;
				CLANG_WARN_UNGUARDED_AVAILABILITY = YES_AGGRESSIVE;
				CLANG_WARN_UNREACHABLE_CODE = YES;
				CLANG_WARN__DUPLICATE_METHOD_MATCH = YES;
				COPY_PHASE_STRIP = NO;
				DEBUG_INFORMATION_FORMAT = dwarf;
				DEVELOPMENT_TEAM = WK7T3Z2QPN;
				ENABLE_STRICT_OBJC_MSGSEND = YES;
				ENABLE_TESTABILITY = YES;
				ENABLE_USER_SCRIPT_SANDBOXING = YES;
				GCC_C_LANGUAGE_STANDARD = gnu17;
				GCC_DYNAMIC_NO_PIC = NO;
				GCC_NO_COMMON_BLOCKS = YES;
				GCC_OPTIMIZATION_LEVEL = 0;
				GCC_PREPROCESSOR_DEFINITIONS = (
					"DEBUG=1",
					"$(inherited)",
				);
				GCC_WARN_64_TO_32_BIT_CONVERSION = YES;
				GCC_WARN_ABOUT_RETURN_TYPE = YES_ERROR;
				GCC_WARN_UNDECLARED_SELECTOR = YES;
				GCC_WARN_UNINITIALIZED_AUTOS = YES_AGGRESSIVE;
				GCC_WARN_UNUSED_FUNCTION = YES;
				GCC_WARN_UNUSED_VARIABLE = YES;
				IPHONEOS_DEPLOYMENT_TARGET = 18.4;
				LOCALIZATION_PREFERS_STRING_CATALOGS = YES;
				MTL_ENABLE_DEBUG_INFO = INCLUDE_SOURCE;
				MTL_FAST_MATH = YES;
				ONLY_ACTIVE_ARCH = YES;
				SDKROOT = iphoneos;
				SWIFT_ACTIVE_COMPILATION_CONDITIONS = "DEBUG $(inherited)";
				SWIFT_OPTIMIZATION_LEVEL = "-Onone";
			};
			name = Debug;
		};
		0B12F3452E0D3B1F005AED4F /* Release */ = {
			isa = XCBuildConfiguration;
			buildSettings = {
				ALWAYS_SEARCH_USER_PATHS = NO;
				ASSETCATALOG_COMPILER_GENERATE_SWIFT_ASSET_SYMBOL_EXTENSIONS = YES;
				CLANG_ANALYZER_NONNULL = YES;
				CLANG_ANALYZER_NUMBER_OBJECT_CONVERSION = YES_AGGRESSIVE;
				CLANG_CXX_LANGUAGE_STANDARD = "gnu++20";
				CLANG_ENABLE_MODULES = YES;
				CLANG_ENABLE_OBJC_ARC = YES;
				CLANG_ENABLE_OBJC_WEAK = YES;
				CLANG_WARN_BLOCK_CAPTURE_AUTORELEASING = YES;
				CLANG_WARN_BOOL_CONVERSION = YES;
				CLANG_WARN_COMMA = YES;
				CLANG_WARN_CONSTANT_CONVERSION = YES;
				CLANG_WARN_DEPRECATED_OBJC_IMPLEMENTATIONS = YES;
				CLANG_WARN_DIRECT_OBJC_ISA_USAGE = YES_ERROR;
				CLANG_WARN_DOCUMENTATION_COMMENTS = YES;
				CLANG_WARN_EMPTY_BODY = YES;
				CLANG_WARN_ENUM_CONVERSION = YES;
				CLANG_WARN_INFINITE_RECURSION = YES;
				CLANG_WARN_INT_CONVERSION = YES;
				CLANG_WARN_NON_LITERAL_NULL_CONVERSION = YES;
				CLANG_WARN_OBJC_IMPLICIT_RETAIN_SELF = YES;
				CLANG_WARN_OBJC_LITERAL_CONVERSION = YES;
				CLANG_WARN_OBJC_ROOT_CLASS = YES_ERROR;
				CLANG_WARN_QUOTED_INCLUDE_IN_FRAMEWORK_HEADER = YES;
				CLANG_WARN_RANGE_LOOP_ANALYSIS = YES;
				CLANG_WARN_STRICT_PROTOTYPES = YES;
				CLANG_WARN_SUSPICIOUS_MOVE = YES;
				CLANG_WARN_UNGUARDED_AVAILABILITY = YES_AGGRESSIVE;
				CLANG_WARN_UNREACHABLE_CODE = YES;
				CLANG_WARN__DUPLICATE_METHOD_MATCH = YES;
				COPY_PHASE_STRIP = NO;
				DEBUG_INFORMATION_FORMAT = "dwarf-with-dsym";
				DEVELOPMENT_TEAM = WK7T3Z2QPN;
				ENABLE_NS_ASSERTIONS = NO;
				ENABLE_STRICT_OBJC_MSGSEND = YES;
				ENABLE_USER_SCRIPT_SANDBOXING = YES;
				GCC_C_LANGUAGE_STANDARD = gnu17;
				GCC_NO_COMMON_BLOCKS = YES;
				GCC_WARN_64_TO_32_BIT_CONVERSION = YES;
				GCC_WARN_ABOUT_RETURN_TYPE = YES_ERROR;
				GCC_WARN_UNDECLARED_SELECTOR = YES;
				GCC_WARN_UNINITIALIZED_AUTOS = YES_AGGRESSIVE;
				GCC_WARN_UNUSED_FUNCTION = YES;
				GCC_WARN_UNUSED_VARIABLE = YES;
				IPHONEOS_DEPLOYMENT_TARGET = 18.4;
				LOCALIZATION_PREFERS_STRING_CATALOGS = YES;
				MTL_ENABLE_DEBUG_INFO = NO;
				MTL_FAST_MATH = YES;
				SDKROOT = iphoneos;
				SWIFT_COMPILATION_MODE = wholemodule;
				VALIDATE_PRODUCT = YES;
			};
			name = Release;
		};
		0B12F3472E0D3B1F005AED4F /* Debug */ = {
			isa = XCBuildConfiguration;
			buildSettings = {
				ASSETCATALOG_COMPILER_APPICON_NAME = AppIcon;
				ASSETCATALOG_COMPILER_GLOBAL_ACCENT_COLOR_NAME = AccentColor;
				CODE_SIGN_ENTITLEMENTS = WaterfallTT/WaterfallTT.entitlements;
				CODE_SIGN_IDENTITY = "Apple Development";
				"CODE_SIGN_IDENTITY[sdk=iphoneos*]" = "iPhone Developer";
				CODE_SIGN_STYLE = Manual;
				CURRENT_PROJECT_VERSION = 2;
				DEVELOPMENT_TEAM = "";
				"DEVELOPMENT_TEAM[sdk=iphoneos*]" = WK7T3Z2QPN;
				ENABLE_PREVIEWS = YES;
				GENERATE_INFOPLIST_FILE = YES;
				INFOPLIST_FILE = WaterfallTT/Info.plist;
				INFOPLIST_KEY_CFBundleDisplayName = "Ping Cascade";
				INFOPLIST_KEY_ITSAppUsesNonExemptEncryption = NO;
				INFOPLIST_KEY_LSApplicationCategoryType = "public.app-category.sports";
				INFOPLIST_KEY_NSDocumentsFolderUsageDescription = "Cette application nécessite l'accès à vos fichiers pour importer des données.";
				INFOPLIST_KEY_UIApplicationSceneManifest_Generation = YES;
				INFOPLIST_KEY_UIApplicationSupportsIndirectInputEvents = YES;
				INFOPLIST_KEY_UILaunchScreen_Generation = YES;
				INFOPLIST_KEY_UISupportedInterfaceOrientations = "UIInterfaceOrientationPortrait UIInterfaceOrientationPortraitUpsideDown";
				INFOPLIST_KEY_UISupportedInterfaceOrientations_iPad = "UIInterfaceOrientationLandscapeLeft UIInterfaceOrientationLandscapeRight UIInterfaceOrientationPortrait UIInterfaceOrientationPortraitUpsideDown";
				INFOPLIST_KEY_UIUserInterfaceStyle = Dark;
				IPHONEOS_DEPLOYMENT_TARGET = 17.0;
				LD_RUNPATH_SEARCH_PATHS = (
					"$(inherited)",
					"@executable_path/Frameworks",
				);
				MARKETING_VERSION = 2.0;
				PRODUCT_BUNDLE_IDENTIFIER = benjamin.cante.WaterfallPing;
				PRODUCT_NAME = "$(TARGET_NAME)";
				PROVISIONING_PROFILE_SPECIFIER = "";
				"PROVISIONING_PROFILE_SPECIFIER[sdk=iphoneos*]" = "Waterfall DEV";
				SWIFT_EMIT_LOC_STRINGS = YES;
				SWIFT_VERSION = 5.0;
				TARGETED_DEVICE_FAMILY = "1,2";
			};
			name = Debug;
		};
		0B12F3482E0D3B1F005AED4F /* Release */ = {
			isa = XCBuildConfiguration;
			buildSettings = {
				ASSETCATALOG_COMPILER_APPICON_NAME = AppIcon;
				ASSETCATALOG_COMPILER_GLOBAL_ACCENT_COLOR_NAME = AccentColor;
				CODE_SIGN_ENTITLEMENTS = WaterfallTT/WaterfallTT.entitlements;
				CODE_SIGN_IDENTITY = "Apple Development";
				"CODE_SIGN_IDENTITY[sdk=iphoneos*]" = "iPhone Developer";
				CODE_SIGN_STYLE = Manual;
				CURRENT_PROJECT_VERSION = 2;
				DEVELOPMENT_TEAM = "";
				"DEVELOPMENT_TEAM[sdk=iphoneos*]" = WK7T3Z2QPN;
				ENABLE_PREVIEWS = YES;
				GENERATE_INFOPLIST_FILE = YES;
				INFOPLIST_FILE = WaterfallTT/Info.plist;
				INFOPLIST_KEY_CFBundleDisplayName = "Ping Cascade";
				INFOPLIST_KEY_ITSAppUsesNonExemptEncryption = NO;
				INFOPLIST_KEY_LSApplicationCategoryType = "public.app-category.sports";
				INFOPLIST_KEY_NSDocumentsFolderUsageDescription = "Cette application nécessite l'accès à vos fichiers pour importer des données.";
				INFOPLIST_KEY_UIApplicationSceneManifest_Generation = YES;
				INFOPLIST_KEY_UIApplicationSupportsIndirectInputEvents = YES;
				INFOPLIST_KEY_UILaunchScreen_Generation = YES;
				INFOPLIST_KEY_UISupportedInterfaceOrientations = "UIInterfaceOrientationPortrait UIInterfaceOrientationPortraitUpsideDown";
				INFOPLIST_KEY_UISupportedInterfaceOrientations_iPad = "UIInterfaceOrientationLandscapeLeft UIInterfaceOrientationLandscapeRight UIInterfaceOrientationPortrait UIInterfaceOrientationPortraitUpsideDown";
				INFOPLIST_KEY_UIUserInterfaceStyle = Dark;
				IPHONEOS_DEPLOYMENT_TARGET = 17.0;
				LD_RUNPATH_SEARCH_PATHS = (
					"$(inherited)",
					"@executable_path/Frameworks",
				);
				MARKETING_VERSION = 2.0;
				PRODUCT_BUNDLE_IDENTIFIER = benjamin.cante.WaterfallPing;
				PRODUCT_NAME = "$(TARGET_NAME)";
				PROVISIONING_PROFILE_SPECIFIER = "";
				"PROVISIONING_PROFILE_SPECIFIER[sdk=iphoneos*]" = "Waterfall DEV";
				SWIFT_EMIT_LOC_STRINGS = YES;
				SWIFT_VERSION = 5.0;
				TARGETED_DEVICE_FAMILY = "1,2";
			};
			name = Release;
		};
/* End XCBuildConfiguration section */

/* Begin XCConfigurationList section */
		0B12F3362E0D3B1D005AED4F /* Build configuration list for PBXProject "WaterfallTT" */ = {
			isa = XCConfigurationList;
			buildConfigurations = (
				0B12F3442E0D3B1F005AED4F /* Debug */,
				0B12F3452E0D3B1F005AED4F /* Release */,
			);
			defaultConfigurationIsVisible = 0;
			defaultConfigurationName = Release;
		};
		0B12F3462E0D3B1F005AED4F /* Build configuration list for PBXNativeTarget "WaterfallTT" */ = {
			isa = XCConfigurationList;
			buildConfigurations = (
				0B12F3472E0D3B1F005AED4F /* Debug */,
				0B12F3482E0D3B1F005AED4F /* Release */,
			);
			defaultConfigurationIsVisible = 0;
			defaultConfigurationName = Release;
		};
/* End XCConfigurationList section */

/* Begin XCRemoteSwiftPackageReference section */
		0B68E2222E84237A00718B5E /* XCRemoteSwiftPackageReference "swift-package-manager-google-mobile-ads" */ = {
			isa = XCRemoteSwiftPackageReference;
			repositoryURL = "https://github.com/googleads/swift-package-manager-google-mobile-ads.git";
			requirement = {
				kind = upToNextMajorVersion;
				minimumVersion = 12.11.0;
			};
		};
		0BC8BE292E3A40C900ABA07F /* XCRemoteSwiftPackageReference "firebase-ios-sdk" */ = {
			isa = XCRemoteSwiftPackageReference;
			repositoryURL = "https://github.com/firebase/firebase-ios-sdk";
			requirement = {
				kind = upToNextMajorVersion;
				minimumVersion = 12.0.0;
			};
		};
		0BDA65D62E8BFA1F00B14CEA /* XCRemoteSwiftPackageReference "SwiftSoup" */ = {
			isa = XCRemoteSwiftPackageReference;
			repositoryURL = "https://github.com/scinfu/SwiftSoup.git";
			requirement = {
				kind = upToNextMajorVersion;
				minimumVersion = 2.11.1;
			};
		};
/* End XCRemoteSwiftPackageReference section */

/* Begin XCSwiftPackageProductDependency section */
		0B68E2232E84237A00718B5E /* GoogleMobileAds */ = {
			isa = XCSwiftPackageProductDependency;
			package = 0B68E2222E84237A00718B5E /* XCRemoteSwiftPackageReference "swift-package-manager-google-mobile-ads" */;
			productName = GoogleMobileAds;
		};
		0BC8BE2A2E3A40C900ABA07F /* FirebaseAnalytics */ = {
			isa = XCSwiftPackageProductDependency;
			package = 0BC8BE292E3A40C900ABA07F /* XCRemoteSwiftPackageReference "firebase-ios-sdk" */;
			productName = FirebaseAnalytics;
		};
		0BC8BE2C2E3A40C900ABA07F /* FirebaseAnalyticsCore */ = {
			isa = XCSwiftPackageProductDependency;
			package = 0BC8BE292E3A40C900ABA07F /* XCRemoteSwiftPackageReference "firebase-ios-sdk" */;
			productName = FirebaseAnalyticsCore;
		};
		0BC8BE2E2E3A40C900ABA07F /* FirebaseCore */ = {
			isa = XCSwiftPackageProductDependency;
			package = 0BC8BE292E3A40C900ABA07F /* XCRemoteSwiftPackageReference "firebase-ios-sdk" */;
			productName = FirebaseCore;
		};
		0BC8BE302E3A40C900ABA07F /* FirebaseCrashlytics */ = {
			isa = XCSwiftPackageProductDependency;
			package = 0BC8BE292E3A40C900ABA07F /* XCRemoteSwiftPackageReference "firebase-ios-sdk" */;
			productName = FirebaseCrashlytics;
		};
		0BC8BE322E3A40C900ABA07F /* FirebaseFirestore */ = {
			isa = XCSwiftPackageProductDependency;
			package = 0BC8BE292E3A40C900ABA07F /* XCRemoteSwiftPackageReference "firebase-ios-sdk" */;
			productName = FirebaseFirestore;
		};
		0BDA65D72E8BFA1F00B14CEA /* SwiftSoup */ = {
			isa = XCSwiftPackageProductDependency;
			package = 0BDA65D62E8BFA1F00B14CEA /* XCRemoteSwiftPackageReference "SwiftSoup" */;
			productName = SwiftSoup;
		};
/* End XCSwiftPackageProductDependency section */
	};
	rootObject = 0B12F3332E0D3B1D005AED4F /* Project object */;
}
